
Microsoft Visual Studio Solution File, Format Version 12.00
# Visual Studio Version 17
VisualStudioVersion = 17.0.31903.59
MinimumVisualStudioVersion = 10.0.40219.1
Project("{FAE04EC0-301F-11D3-BF4B-00C04F79EFBC}") = "InventoryManagement", "InventoryManagement\InventoryManagement.csproj", "{734F081F-5964-48FA-B15D-EF5B1E81B601}"
EndProject
Project("{FAE04EC0-301F-11D3-BF4B-00C04F79EFBC}") = "InventoryManagement.UnitTests", "InventoryManagement.UnitTests\InventoryManagement.UnitTests.csproj", "{BFCE0A05-392C-4BDF-B5F4-7AEB70C09835}"
EndProject
Global
	GlobalSection(SolutionConfigurationPlatforms) = preSolution
		Debug|Any CPU = Debug|Any CPU
		Release|Any CPU = Release|Any CPU
	EndGlobalSection
	GlobalSection(SolutionProperties) = preSolution
		HideSolutionNode = FALSE
	EndGlobalSection
	GlobalSection(ProjectConfigurationPlatforms) = postSolution
		{734F081F-5964-48FA-B15D-EF5B1E81B601}.Debug|Any CPU.ActiveCfg = Debug|Any CPU
		{734F081F-5964-48FA-B15D-EF5B1E81B601}.Debug|Any CPU.Build.0 = Debug|Any CPU
		{734F081F-5964-48FA-B15D-EF5B1E81B601}.Release|Any CPU.ActiveCfg = Release|Any CPU
		{734F081F-5964-48FA-B15D-EF5B1E81B601}.Release|Any CPU.Build.0 = Release|Any CPU
		{BFCE0A05-392C-4BDF-B5F4-7AEB70C09835}.Debug|Any CPU.ActiveCfg = Debug|Any CPU
		{BFCE0A05-392C-4BDF-B5F4-7AEB70C09835}.Debug|Any CPU.Build.0 = Debug|Any CPU
		{BFCE0A05-392C-4BDF-B5F4-7AEB70C09835}.Release|Any CPU.ActiveCfg = Release|Any CPU
		{BFCE0A05-392C-4BDF-B5F4-7AEB70C09835}.Release|Any CPU.Build.0 = Release|Any CPU
	EndGlobalSection
EndGlobal
